{
  "name": "specshot-remote-api",
  "version": "1.0.0",
  "lockfileVersion": 3,
  "requires": true,
  "packages": {
    "": {
      "name": "specshot-remote-api",
      "version": "1.0.0",
      "dependencies": {
        "specshot": "file:../..",
        "zod": "^3.23.0"
      }
    },
    "../..": {
      "version": "2.0.1",
      "license": "MIT",
      "dependencies": {
        "@faker-js/faker": "^10.5.0",
        "chalk": "^5.3.0",
        "commander": "^12.0.0",
        "figlet": "^1.11.0",
        "handlebars": "^4.7.9",
        "inquirer": "^9.2.15",
        "ora": "^8.0.1"
      },
      "bin": {
        "specshot": "dist/cli.js"
      },
      "devDependencies": {
        "@types/figlet": "^1.7.0",
        "@types/inquirer": "^9.0.9",
        "@types/node": "^25.9.2",
        "husky": "^9.1.7",
        "tsup": "^8.5.1",
        "typescript": "^6.0.3",
        "vitest": "^1.6.0"
      },
      "engines": {
        "node": ">=20.0.0"
      }
    },
    "node_modules/specshot": {
      "resolved": "../..",
      "link": true
    },
    "node_modules/zod": {
      "version": "3.25.76",
      "resolved": "https://registry.npmjs.org/zod/-/zod-3.25.76.tgz",
      "integrity": "sha512-gzUt/qt81nXsFGKIFcC3YnfEAx5NkunCfnDlvuBSSFS02bcXu4Lmea0AFIUwbLWxWPx3d9p8S5QoaujKcNQxcQ==",
      "license": "MIT",
      "funding": {
        "url": "https://github.com/sponsors/colinhacks"
      }
    }
  }
}
